
Microsoft Visual Studio Solution File, Format Version 12.00
# Visual Studio Version 16
VisualStudioVersion = 16.0.31911.196
MinimumVisualStudioVersion = 10.0.40219.1
Project("{FAE04EC0-301F-11D3-BF4B-00C04F79EFBC}") = "CsharpProject", "CsharpProject\CsharpProject.csproj", "{4E1F6F91-3358-4CE9-A68F-422807A4151D}"
EndProject
Global
	GlobalSection(SolutionConfigurationPlatforms) = preSolution
		Debug|Any CPU = Debug|Any CPU
		Release|Any CPU = Release|Any CPU
	EndGlobalSection
	GlobalSection(ProjectConfigurationPlatforms) = postSolution
		{4E1F6F91-3358-4CE9-A68F-422807A4151D}.Debug|Any CPU.ActiveCfg = Debug|Any CPU
		{4E1F6F91-3358-4CE9-A68F-422807A4151D}.Debug|Any CPU.Build.0 = Debug|Any CPU
		{4E1F6F91-3358-4CE9-A68F-422807A4151D}.Release|Any CPU.ActiveCfg = Release|Any CPU
		{4E1F6F91-3358-4CE9-A68F-422807A4151D}.Release|Any CPU.Build.0 = Release|Any CPU
	EndGlobalSection
	GlobalSection(SolutionProperties) = preSolution
		HideSolutionNode = FALSE
	EndGlobalSection
	GlobalSection(ExtensibilityGlobals) = postSolution
		SolutionGuid = {25479896-2861-409F-984B-F29C9104E899}
	EndGlobalSection
EndGlobal
